
Microsoft Visual Studio Solution File, Format Version 12.00
# Visual Studio Version 16
VisualStudioVersion = 25.0.1706.14
MinimumVisualStudioVersion = 10.0.40219.1
Project("{FAE04EC0-301F-11D3-BF4B-00C04F79EFBC}") = "CafeManagementSystem.WebApi", "CafeManagementSystem.WebApi\CafeManagementSystem.WebApi.csproj", "{16492FD0-81EB-4E98-B537-00B1AF55BFD8}"
EndProject
Project("{FAE04EC0-301F-11D3-BF4B-00C04F79EFBC}") = "CafeManagementSystem.Business", "CafeManagementSystem.Business\CafeManagementSystem.Business.csproj", "{E7C31F37-22E5-4E52-AE8B-CF1230E1AA7B}"
EndProject
Project("{FAE04EC0-301F-11D3-BF4B-00C04F79EFBC}") = "CafeManagementSystem.Data", "CafeManagementSystem.Data\CafeManagementSystem.Data.csproj", "{CFE2A593-1101-41B4-9646-08D9027AF7EF}"
EndProject
Project("{FAE04EC0-301F-11D3-BF4B-00C04F79EFBC}") = "CafeManagementSystem.Web", "CafeManagementSystem.Web\CafeManagementSystem.Web.csproj", "{7305EE51-1671-4F00-868F-FB4B2BFEB27C}"
EndProject
Global
	GlobalSection(SolutionConfigurationPlatforms) = preSolution
		Debug|Any CPU = Debug|Any CPU
		Release|Any CPU = Release|Any CPU
	EndGlobalSection
	GlobalSection(ProjectConfigurationPlatforms) = postSolution
		{16492FD0-81EB-4E98-B537-00B1AF55BFD8}.Debug|Any CPU.ActiveCfg = Debug|Any CPU
		{16492FD0-81EB-4E98-B537-00B1AF55BFD8}.Debug|Any CPU.Build.0 = Debug|Any CPU
		{16492FD0-81EB-4E98-B537-00B1AF55BFD8}.Release|Any CPU.ActiveCfg = Release|Any CPU
		{16492FD0-81EB-4E98-B537-00B1AF55BFD8}.Release|Any CPU.Build.0 = Release|Any CPU
		{E7C31F37-22E5-4E52-AE8B-CF1230E1AA7B}.Debug|Any CPU.ActiveCfg = Debug|Any CPU
		{E7C31F37-22E5-4E52-AE8B-CF1230E1AA7B}.Debug|Any CPU.Build.0 = Debug|Any CPU
		{E7C31F37-22E5-4E52-AE8B-CF1230E1AA7B}.Release|Any CPU.ActiveCfg = Release|Any CPU
		{E7C31F37-22E5-4E52-AE8B-CF1230E1AA7B}.Release|Any CPU.Build.0 = Release|Any CPU
		{CFE2A593-1101-41B4-9646-08D9027AF7EF}.Debug|Any CPU.ActiveCfg = Debug|Any CPU
		{CFE2A593-1101-41B4-9646-08D9027AF7EF}.Debug|Any CPU.Build.0 = Debug|Any CPU
		{CFE2A593-1101-41B4-9646-08D9027AF7EF}.Release|Any CPU.ActiveCfg = Release|Any CPU
		{CFE2A593-1101-41B4-9646-08D9027AF7EF}.Release|Any CPU.Build.0 = Release|Any CPU
		{7305EE51-1671-4F00-868F-FB4B2BFEB27C}.Debug|Any CPU.ActiveCfg = Debug|Any CPU
		{7305EE51-1671-4F00-868F-FB4B2BFEB27C}.Debug|Any CPU.Build.0 = Debug|Any CPU
		{7305EE51-1671-4F00-868F-FB4B2BFEB27C}.Release|Any CPU.ActiveCfg = Release|Any CPU
		{7305EE51-1671-4F00-868F-FB4B2BFEB27C}.Release|Any CPU.Build.0 = Release|Any CPU
	EndGlobalSection
	GlobalSection(SolutionProperties) = preSolution
		HideSolutionNode = FALSE
	EndGlobalSection
	GlobalSection(ExtensibilityGlobals) = postSolution
		SolutionGuid = {B8F05BDD-03F8-468D-ABCC-09CCBF014B2E}
	EndGlobalSection
EndGlobal
